
Microsoft Visual Studio Solution File, Format Version 12.00
# Visual Studio 15
Project("{FAE04EC0-301F-11D3-BF4B-00C04F79EFBC}") = "Assembly-CSharp-Editor", "Assembly-CSharp-Editor.csproj", "{590E4E14-E15F-957B-F861-7EB8F669D59C}"
EndProject
Project("{FAE04EC0-301F-11D3-BF4B-00C04F79EFBC}") = "Assembly-CSharp", "Assembly-CSharp.csproj", "{86214D0F-61EB-4948-926A-D74C4D0B72B8}"
EndProject
Global
	GlobalSection(SolutionConfigurationPlatforms) = preSolution
		Debug|Any CPU = Debug|Any CPU
		Release|Any CPU = Release|Any CPU
	EndGlobalSection
	GlobalSection(ProjectConfigurationPlatforms) = postSolution
		{590E4E14-E15F-957B-F861-7EB8F669D59C}.Debug|Any CPU.ActiveCfg = Debug|Any CPU
		{590E4E14-E15F-957B-F861-7EB8F669D59C}.Debug|Any CPU.Build.0 = Debug|Any CPU
		{590E4E14-E15F-957B-F861-7EB8F669D59C}.Release|Any CPU.ActiveCfg = Release|Any CPU
		{590E4E14-E15F-957B-F861-7EB8F669D59C}.Release|Any CPU.Build.0 = Release|Any CPU
		{86214D0F-61EB-4948-926A-D74C4D0B72B8}.Debug|Any CPU.ActiveCfg = Debug|Any CPU
		{86214D0F-61EB-4948-926A-D74C4D0B72B8}.Debug|Any CPU.Build.0 = Debug|Any CPU
		{86214D0F-61EB-4948-926A-D74C4D0B72B8}.Release|Any CPU.ActiveCfg = Release|Any CPU
		{86214D0F-61EB-4948-926A-D74C4D0B72B8}.Release|Any CPU.Build.0 = Release|Any CPU
	EndGlobalSection
	GlobalSection(SolutionProperties) = preSolution
		HideSolutionNode = FALSE
	EndGlobalSection
EndGlobal
